
Microsoft Visual Studio Solution File, Format Version 12.00
# Visual Studio 14
VisualStudioVersion = 14.0.25420.1
MinimumVisualStudioVersion = 10.0.40219.1
Project("{FAE04EC0-301F-11D3-BF4B-00C04F79EFBC}") = "DT4000Monitor", "DT4000Monitor\DT4000Monitor.csproj", "{7E37206A-8E30-45BD-8BC1-53A2558CE107}"
EndProject
Global
	GlobalSection(SolutionConfigurationPlatforms) = preSolution
		Debug|Any CPU = Debug|Any CPU
		Release|Any CPU = Release|Any CPU
	EndGlobalSection
	GlobalSection(ProjectConfigurationPlatforms) = postSolution
		{7E37206A-8E30-45BD-8BC1-53A2558CE107}.Debug|Any CPU.ActiveCfg = Debug|Any CPU
		{7E37206A-8E30-45BD-8BC1-53A2558CE107}.Debug|Any CPU.Build.0 = Debug|Any CPU
		{7E37206A-8E30-45BD-8BC1-53A2558CE107}.Release|Any CPU.ActiveCfg = Release|Any CPU
		{7E37206A-8E30-45BD-8BC1-53A2558CE107}.Release|Any CPU.Build.0 = Release|Any CPU
	EndGlobalSection
	GlobalSection(SolutionProperties) = preSolution
		HideSolutionNode = FALSE
	EndGlobalSection
EndGlobal
